
Microsoft Visual Studio Solution File, Format Version 12.00
# Visual Studio Version 17
VisualStudioVersion = 17.3.32901.215
MinimumVisualStudioVersion = 10.0.40219.1
Project("{9A19103F-16F7-4668-BE54-9A1E7A4F7556}") = "WebApi", "WebApi\WebApi.csproj", "{2F438C64-D15C-4459-9A60-54379DEC1E17}"
EndProject
Project("{9A19103F-16F7-4668-BE54-9A1E7A4F7556}") = "BusinessLogic", "BusinessLogic\BusinessLogic.csproj", "{20CC8524-27CC-4E56-8ABC-3DDFD7935189}"
EndProject
Project("{9A19103F-16F7-4668-BE54-9A1E7A4F7556}") = "Core", "Core\Core.csproj", "{54EC4ACF-6489-47CF-A245-6066EF340BD5}"
EndProject
Project("{2150E333-8FDC-42A3-9474-1A3956D46DE8}") = "Documentacion", "Documentacion", "{E92E3480-9341-4F2C-B532-88E440A3E2E5}"
	ProjectSection(SolutionItems) = preProject
		docker-mssql.txt = docker-mssql.txt
		docker-redis.txt = docker-redis.txt
		entityFramework.txt = entityFramework.txt
		inserts.txt = inserts.txt
		Problemas-solucion.txt = Problemas-solucion.txt
	EndProjectSection
EndProject
Global
	GlobalSection(SolutionConfigurationPlatforms) = preSolution
		Debug|Any CPU = Debug|Any CPU
		Release|Any CPU = Release|Any CPU
	EndGlobalSection
	GlobalSection(ProjectConfigurationPlatforms) = postSolution
		{2F438C64-D15C-4459-9A60-54379DEC1E17}.Debug|Any CPU.ActiveCfg = Debug|Any CPU
		{2F438C64-D15C-4459-9A60-54379DEC1E17}.Debug|Any CPU.Build.0 = Debug|Any CPU
		{2F438C64-D15C-4459-9A60-54379DEC1E17}.Release|Any CPU.ActiveCfg = Release|Any CPU
		{2F438C64-D15C-4459-9A60-54379DEC1E17}.Release|Any CPU.Build.0 = Release|Any CPU
		{20CC8524-27CC-4E56-8ABC-3DDFD7935189}.Debug|Any CPU.ActiveCfg = Debug|Any CPU
		{20CC8524-27CC-4E56-8ABC-3DDFD7935189}.Debug|Any CPU.Build.0 = Debug|Any CPU
		{20CC8524-27CC-4E56-8ABC-3DDFD7935189}.Release|Any CPU.ActiveCfg = Release|Any CPU
		{20CC8524-27CC-4E56-8ABC-3DDFD7935189}.Release|Any CPU.Build.0 = Release|Any CPU
		{54EC4ACF-6489-47CF-A245-6066EF340BD5}.Debug|Any CPU.ActiveCfg = Debug|Any CPU
		{54EC4ACF-6489-47CF-A245-6066EF340BD5}.Debug|Any CPU.Build.0 = Debug|Any CPU
		{54EC4ACF-6489-47CF-A245-6066EF340BD5}.Release|Any CPU.ActiveCfg = Release|Any CPU
		{54EC4ACF-6489-47CF-A245-6066EF340BD5}.Release|Any CPU.Build.0 = Release|Any CPU
	EndGlobalSection
	GlobalSection(SolutionProperties) = preSolution
		HideSolutionNode = FALSE
	EndGlobalSection
	GlobalSection(ExtensibilityGlobals) = postSolution
		SolutionGuid = {FC867EF3-9D01-4817-A552-3CAF5A11112D}
	EndGlobalSection
EndGlobal
